// !$*UTF8*$!
{
	archiveVersion = 1;
	classes = {
	};
	objectVersion = 56;
	objects = {

/* Begin PBXBuildFile section */
		90106FE929F806FD007A4CA3 /* MessageView.swift in Sources */ = {isa = PBXBuildFile; fileRef = 90106FE829F806FD007A4CA3 /* MessageView.swift */; };
		901DE0722A02FBA400122FA5 /* MessageTextView.swift in Sources */ = {isa = PBXBuildFile; fileRef = 901DE0712A02FBA400122FA5 /* MessageTextView.swift */; };
		901DE0742A02FE5200122FA5 /* MessageTextViewConstants.swift in Sources */ = {isa = PBXBuildFile; fileRef = 901DE0732A02FE5200122FA5 /* MessageTextViewConstants.swift */; };
		90213DF22A1643FF0066B3A5 /* MessageTableViewCellConstants.swift in Sources */ = {isa = PBXBuildFile; fileRef = 90213DF12A1643FF0066B3A5 /* MessageTableViewCellConstants.swift */; };
		90586AD429FAF3C800950329 /* SwitchModeView.swift in Sources */ = {isa = PBXBuildFile; fileRef = 90586AD329FAF3C800950329 /* SwitchModeView.swift */; };
		909D481A29F00ACB00855296 /* Message.swift in Sources */ = {isa = PBXBuildFile; fileRef = 909D481929F00ACB00855296 /* Message.swift */; };
		90CA3D9A29FBB9C700D1D9F3 /* SwitchModeConstants.swift in Sources */ = {isa = PBXBuildFile; fileRef = 90CA3D9929FBB9C700D1D9F3 /* SwitchModeConstants.swift */; };
		90CA3D9D29FBCCDA00D1D9F3 /* MessageConstants.swift in Sources */ = {isa = PBXBuildFile; fileRef = 90CA3D9C29FBCCDA00D1D9F3 /* MessageConstants.swift */; };
		90DB593829EF04990094FAB5 /* AppDelegate.swift in Sources */ = {isa = PBXBuildFile; fileRef = 90DB593729EF04990094FAB5 /* AppDelegate.swift */; };
		90DB593A29EF04990094FAB5 /* SceneDelegate.swift in Sources */ = {isa = PBXBuildFile; fileRef = 90DB593929EF04990094FAB5 /* SceneDelegate.swift */; };
		90DB593C29EF04990094FAB5 /* ViewController.swift in Sources */ = {isa = PBXBuildFile; fileRef = 90DB593B29EF04990094FAB5 /* ViewController.swift */; };
		90DB594129EF049E0094FAB5 /* Assets.xcassets in Resources */ = {isa = PBXBuildFile; fileRef = 90DB594029EF049E0094FAB5 /* Assets.xcassets */; };
		90DB594429EF049E0094FAB5 /* LaunchScreen.storyboard in Resources */ = {isa = PBXBuildFile; fileRef = 90DB594229EF049E0094FAB5 /* LaunchScreen.storyboard */; };
		90DB594F29EF049E0094FAB5 /* ChatAppTests.swift in Sources */ = {isa = PBXBuildFile; fileRef = 90DB594E29EF049E0094FAB5 /* ChatAppTests.swift */; };
		90DB595929EF049E0094FAB5 /* ChatAppUITests.swift in Sources */ = {isa = PBXBuildFile; fileRef = 90DB595829EF049E0094FAB5 /* ChatAppUITests.swift */; };
		90DB595B29EF049E0094FAB5 /* ChatAppUITestsLaunchTests.swift in Sources */ = {isa = PBXBuildFile; fileRef = 90DB595A29EF049E0094FAB5 /* ChatAppUITestsLaunchTests.swift */; };
		90E4FE982A0242BF006CE1ED /* MessageTableViewCell.swift in Sources */ = {isa = PBXBuildFile; fileRef = 90E4FE972A0242BF006CE1ED /* MessageTableViewCell.swift */; };
		90F61BF22A00017200A5494B /* ViewControllerConstants.swift in Sources */ = {isa = PBXBuildFile; fileRef = 90F61BF12A00017200A5494B /* ViewControllerConstants.swift */; };
/* End PBXBuildFile section */

/* Begin PBXContainerItemProxy section */
		90DB594B29EF049E0094FAB5 /* PBXContainerItemProxy */ = {
			isa = PBXContainerItemProxy;
			containerPortal = 90DB592C29EF04990094FAB5 /* Project object */;
			proxyType = 1;
			remoteGlobalIDString = 90DB593329EF04990094FAB5;
			remoteInfo = ChatApp;
		};
		90DB595529EF049E0094FAB5 /* PBXContainerItemProxy */ = {
			isa = PBXContainerItemProxy;
			containerPortal = 90DB592C29EF04990094FAB5 /* Project object */;
			proxyType = 1;
			remoteGlobalIDString = 90DB593329EF04990094FAB5;
			remoteInfo = ChatApp;
		};
/* End PBXContainerItemProxy section */

/* Begin PBXFileReference section */
		90106FE829F806FD007A4CA3 /* MessageView.swift */ = {isa = PBXFileReference; lastKnownFileType = sourcecode.swift; path = MessageView.swift; sourceTree = "<group>"; };
		901DE0712A02FBA400122FA5 /* MessageTextView.swift */ = {isa = PBXFileReference; lastKnownFileType = sourcecode.swift; path = MessageTextView.swift; sourceTree = "<group>"; };
		901DE0732A02FE5200122FA5 /* MessageTextViewConstants.swift */ = {isa = PBXFileReference; lastKnownFileType = sourcecode.swift; path = MessageTextViewConstants.swift; sourceTree = "<group>"; };
		90213DF12A1643FF0066B3A5 /* MessageTableViewCellConstants.swift */ = {isa = PBXFileReference; lastKnownFileType = sourcecode.swift; path = MessageTableViewCellConstants.swift; sourceTree = "<group>"; };
		90586AD329FAF3C800950329 /* SwitchModeView.swift */ = {isa = PBXFileReference; lastKnownFileType = sourcecode.swift; path = SwitchModeView.swift; sourceTree = "<group>"; };
		909D481929F00ACB00855296 /* Message.swift */ = {isa = PBXFileReference; lastKnownFileType = sourcecode.swift; path = Message.swift; sourceTree = "<group>"; };
		90CA3D9929FBB9C700D1D9F3 /* SwitchModeConstants.swift */ = {isa = PBXFileReference; lastKnownFileType = sourcecode.swift; path = SwitchModeConstants.swift; sourceTree = "<group>"; };
		90CA3D9C29FBCCDA00D1D9F3 /* MessageConstants.swift */ = {isa = PBXFileReference; lastKnownFileType = sourcecode.swift; path = MessageConstants.swift; sourceTree = "<group>"; };
		90DB593429EF04990094FAB5 /* ChatApp.app */ = {isa = PBXFileReference; explicitFileType = wrapper.application; includeInIndex = 0; path = ChatApp.app; sourceTree = BUILT_PRODUCTS_DIR; };
		90DB593729EF04990094FAB5 /* AppDelegate.swift */ = {isa = PBXFileReference; lastKnownFileType = sourcecode.swift; path = AppDelegate.swift; sourceTree = "<group>"; };
		90DB593929EF04990094FAB5 /* SceneDelegate.swift */ = {isa = PBXFileReference; lastKnownFileType = sourcecode.swift; path = SceneDelegate.swift; sourceTree = "<group>"; };
		90DB593B29EF04990094FAB5 /* ViewController.swift */ = {isa = PBXFileReference; lastKnownFileType = sourcecode.swift; path = ViewController.swift; sourceTree = "<group>"; };
		90DB594029EF049E0094FAB5 /* Assets.xcassets */ = {isa = PBXFileReference; lastKnownFileType = folder.assetcatalog; path = Assets.xcassets; sourceTree = "<group>"; };
		90DB594329EF049E0094FAB5 /* Base */ = {isa = PBXFileReference; lastKnownFileType = file.storyboard; name = Base; path = Base.lproj/LaunchScreen.storyboard; sourceTree = "<group>"; };
		90DB594529EF049E0094FAB5 /* Info.plist */ = {isa = PBXFileReference; lastKnownFileType = text.plist.xml; path = Info.plist; sourceTree = "<group>"; };
		90DB594A29EF049E0094FAB5 /* ChatAppTests.xctest */ = {isa = PBXFileReference; explicitFileType = wrapper.cfbundle; includeInIndex = 0; path = ChatAppTests.xctest; sourceTree = BUILT_PRODUCTS_DIR; };
		90DB594E29EF049E0094FAB5 /* ChatAppTests.swift */ = {isa = PBXFileReference; lastKnownFileType = sourcecode.swift; path = ChatAppTests.swift; sourceTree = "<group>"; };
		90DB595429EF049E0094FAB5 /* ChatAppUITests.xctest */ = {isa = PBXFileReference; explicitFileType = wrapper.cfbundle; includeInIndex = 0; path = ChatAppUITests.xctest; sourceTree = BUILT_PRODUCTS_DIR; };
		90DB595829EF049E0094FAB5 /* ChatAppUITests.swift */ = {isa = PBXFileReference; lastKnownFileType = sourcecode.swift; path = ChatAppUITests.swift; sourceTree = "<group>"; };
		90DB595A29EF049E0094FAB5 /* ChatAppUITestsLaunchTests.swift */ = {isa = PBXFileReference; lastKnownFileType = sourcecode.swift; path = ChatAppUITestsLaunchTests.swift; sourceTree = "<group>"; };
		90E4FE972A0242BF006CE1ED /* MessageTableViewCell.swift */ = {isa = PBXFileReference; lastKnownFileType = sourcecode.swift; path = MessageTableViewCell.swift; sourceTree = "<group>"; };
		90F61BF12A00017200A5494B /* ViewControllerConstants.swift */ = {isa = PBXFileReference; lastKnownFileType = sourcecode.swift; path = ViewControllerConstants.swift; sourceTree = "<group>"; };
/* End PBXFileReference section */

/* Begin PBXFrameworksBuildPhase section */
		90DB593129EF04990094FAB5 /* Frameworks */ = {
			isa = PBXFrameworksBuildPhase;
			buildActionMask = 2147483647;
			files = (
			);
			runOnlyForDeploymentPostprocessing = 0;
		};
		90DB594729EF049E0094FAB5 /* Frameworks */ = {
			isa = PBXFrameworksBuildPhase;
			buildActionMask = 2147483647;
			files = (
			);
			runOnlyForDeploymentPostprocessing = 0;
		};
		90DB595129EF049E0094FAB5 /* Frameworks */ = {
			isa = PBXFrameworksBuildPhase;
			buildActionMask = 2147483647;
			files = (
			);
			runOnlyForDeploymentPostprocessing = 0;
		};
/* End PBXFrameworksBuildPhase section */

/* Begin PBXGroup section */
		901DE0702A02FB5E00122FA5 /* CustomMessageTextView */ = {
			isa = PBXGroup;
			children = (
				901DE0712A02FBA400122FA5 /* MessageTextView.swift */,
				901DE0732A02FE5200122FA5 /* MessageTextViewConstants.swift */,
			);
			path = CustomMessageTextView;
			sourceTree = "<group>";
		};
		90586AB029FA85D100950329 /* SwitchView */ = {
			isa = PBXGroup;
			children = (
				90586AD329FAF3C800950329 /* SwitchModeView.swift */,
				90CA3D9929FBB9C700D1D9F3 /* SwitchModeConstants.swift */,
			);
			path = SwitchView;
			sourceTree = "<group>";
		};
		909D481629F008FB00855296 /* Presentation */ = {
			isa = PBXGroup;
			children = (
				909D481729F0092700855296 /* View */,
			);
			path = Presentation;
			sourceTree = "<group>";
		};
		909D481729F0092700855296 /* View */ = {
			isa = PBXGroup;
			children = (
				90E4FE952A011FB0006CE1ED /* SendCustomView */,
				90586AB029FA85D100950329 /* SwitchView */,
				90F61BF02A0000EF00A5494B /* ViewController */,
			);
			path = View;
			sourceTree = "<group>";
		};
		909D481829F00AAC00855296 /* Model */ = {
			isa = PBXGroup;
			children = (
				909D481929F00ACB00855296 /* Message.swift */,
			);
			path = Model;
			sourceTree = "<group>";
		};
		90CA3D9B29FBCB7200D1D9F3 /* SendMessageView */ = {
			isa = PBXGroup;
			children = (
				901DE0702A02FB5E00122FA5 /* CustomMessageTextView */,
				90106FE829F806FD007A4CA3 /* MessageView.swift */,
				90CA3D9C29FBCCDA00D1D9F3 /* MessageConstants.swift */,
			);
			path = SendMessageView;
			sourceTree = "<group>";
		};
		90DB592B29EF04990094FAB5 = {
			isa = PBXGroup;
			children = (
				90DB593629EF04990094FAB5 /* ChatApp */,
				90DB594D29EF049E0094FAB5 /* ChatAppTests */,
				90DB595729EF049E0094FAB5 /* ChatAppUITests */,
				90DB593529EF04990094FAB5 /* Products */,
			);
			sourceTree = "<group>";
		};
		90DB593529EF04990094FAB5 /* Products */ = {
			isa = PBXGroup;
			children = (
				90DB593429EF04990094FAB5 /* ChatApp.app */,
				90DB594A29EF049E0094FAB5 /* ChatAppTests.xctest */,
				90DB595429EF049E0094FAB5 /* ChatAppUITests.xctest */,
			);
			name = Products;
			sourceTree = "<group>";
		};
		90DB593629EF04990094FAB5 /* ChatApp */ = {
			isa = PBXGroup;
			children = (
				909D481829F00AAC00855296 /* Model */,
				909D481629F008FB00855296 /* Presentation */,
				90DB596829EF21900094FAB5 /* APP */,
				90DB594029EF049E0094FAB5 /* Assets.xcassets */,
				90DB594229EF049E0094FAB5 /* LaunchScreen.storyboard */,
				90DB594529EF049E0094FAB5 /* Info.plist */,
			);
			path = ChatApp;
			sourceTree = "<group>";
		};
		90DB594D29EF049E0094FAB5 /* ChatAppTests */ = {
			isa = PBXGroup;
			children = (
				90DB594E29EF049E0094FAB5 /* ChatAppTests.swift */,
			);
			path = ChatAppTests;
			sourceTree = "<group>";
		};
		90DB595729EF049E0094FAB5 /* ChatAppUITests */ = {
			isa = PBXGroup;
			children = (
				90DB595829EF049E0094FAB5 /* ChatAppUITests.swift */,
				90DB595A29EF049E0094FAB5 /* ChatAppUITestsLaunchTests.swift */,
			);
			path = ChatAppUITests;
			sourceTree = "<group>";
		};
		90DB596829EF21900094FAB5 /* APP */ = {
			isa = PBXGroup;
			children = (
				90DB593929EF04990094FAB5 /* SceneDelegate.swift */,
				90DB593729EF04990094FAB5 /* AppDelegate.swift */,
			);
			path = APP;
			sourceTree = "<group>";
		};
		90E2CB052A0B9C0500496E9B /* MessageTableViewCell */ = {
			isa = PBXGroup;
			children = (
				90E4FE972A0242BF006CE1ED /* MessageTableViewCell.swift */,
				90213DF12A1643FF0066B3A5 /* MessageTableViewCellConstants.swift */,
			);
			path = MessageTableViewCell;
			sourceTree = "<group>";
		};
		90E4FE872A00FD5A006CE1ED /* ViewControllerConstannts */ = {
			isa = PBXGroup;
			children = (
				90F61BF12A00017200A5494B /* ViewControllerConstants.swift */,
			);
			path = ViewControllerConstannts;
			sourceTree = "<group>";
		};
		90E4FE952A011FB0006CE1ED /* SendCustomView */ = {
			isa = PBXGroup;
			children = (
				90CA3D9B29FBCB7200D1D9F3 /* SendMessageView */,
			);
			path = SendCustomView;
			sourceTree = "<group>";
		};
		90F61BF02A0000EF00A5494B /* ViewController */ = {
			isa = PBXGroup;
			children = (
				90E2CB052A0B9C0500496E9B /* MessageTableViewCell */,
				90E4FE872A00FD5A006CE1ED /* ViewControllerConstannts */,
				90DB593B29EF04990094FAB5 /* ViewController.swift */,
			);
			path = ViewController;
			sourceTree = "<group>";
		};
/* End PBXGroup section */

/* Begin PBXNativeTarget section */
		90DB593329EF04990094FAB5 /* ChatApp */ = {
			isa = PBXNativeTarget;
			buildConfigurationList = 90DB595E29EF049E0094FAB5 /* Build configuration list for PBXNativeTarget "ChatApp" */;
			buildPhases = (
				90DB593029EF04990094FAB5 /* Sources */,
				90DB593129EF04990094FAB5 /* Frameworks */,
				90DB593229EF04990094FAB5 /* Resources */,
			);
			buildRules = (
			);
			dependencies = (
			);
			name = ChatApp;
			productName = ChatApp;
			productReference = 90DB593429EF04990094FAB5 /* ChatApp.app */;
			productType = "com.apple.product-type.application";
		};
		90DB594929EF049E0094FAB5 /* ChatAppTests */ = {
			isa = PBXNativeTarget;
			buildConfigurationList = 90DB596129EF049E0094FAB5 /* Build configuration list for PBXNativeTarget "ChatAppTests" */;
			buildPhases = (
				90DB594629EF049E0094FAB5 /* Sources */,
				90DB594729EF049E0094FAB5 /* Frameworks */,
				90DB594829EF049E0094FAB5 /* Resources */,
			);
			buildRules = (
			);
			dependencies = (
				90DB594C29EF049E0094FAB5 /* PBXTargetDependency */,
			);
			name = ChatAppTests;
			productName = ChatAppTests;
			productReference = 90DB594A29EF049E0094FAB5 /* ChatAppTests.xctest */;
			productType = "com.apple.product-type.bundle.unit-test";
		};
		90DB595329EF049E0094FAB5 /* ChatAppUITests */ = {
			isa = PBXNativeTarget;
			buildConfigurationList = 90DB596429EF049E0094FAB5 /* Build configuration list for PBXNativeTarget "ChatAppUITests" */;
			buildPhases = (
				90DB595029EF049E0094FAB5 /* Sources */,
				90DB595129EF049E0094FAB5 /* Frameworks */,
				90DB595229EF049E0094FAB5 /* Resources */,
			);
			buildRules = (
			);
			dependencies = (
				90DB595629EF049E0094FAB5 /* PBXTargetDependency */,
			);
			name = ChatAppUITests;
			productName = ChatAppUITests;
			productReference = 90DB595429EF049E0094FAB5 /* ChatAppUITests.xctest */;
			productType = "com.apple.product-type.bundle.ui-testing";
		};
/* End PBXNativeTarget section */

/* Begin PBXProject section */
		90DB592C29EF04990094FAB5 /* Project object */ = {
			isa = PBXProject;
			attributes = {
				BuildIndependentTargetsInParallel = 1;
				LastSwiftUpdateCheck = 1430;
				LastUpgradeCheck = 1430;
				TargetAttributes = {
					90DB593329EF04990094FAB5 = {
						CreatedOnToolsVersion = 14.3;
					};
					90DB594929EF049E0094FAB5 = {
						CreatedOnToolsVersion = 14.3;
						TestTargetID = 90DB593329EF04990094FAB5;
					};
					90DB595329EF049E0094FAB5 = {
						CreatedOnToolsVersion = 14.3;
						TestTargetID = 90DB593329EF04990094FAB5;
					};
				};
			};
			buildConfigurationList = 90DB592F29EF04990094FAB5 /* Build configuration list for PBXProject "ChatApp" */;
			compatibilityVersion = "Xcode 14.0";
			developmentRegion = en;
			hasScannedForEncodings = 0;
			knownRegions = (
				en,
				Base,
			);
			mainGroup = 90DB592B29EF04990094FAB5;
			productRefGroup = 90DB593529EF04990094FAB5 /* Products */;
			projectDirPath = "";
			projectRoot = "";
			targets = (
				90DB593329EF04990094FAB5 /* ChatApp */,
				90DB594929EF049E0094FAB5 /* ChatAppTests */,
				90DB595329EF049E0094FAB5 /* ChatAppUITests */,
			);
		};
/* End PBXProject section */

/* Begin PBXResourcesBuildPhase section */
		90DB593229EF04990094FAB5 /* Resources */ = {
			isa = PBXResourcesBuildPhase;
			buildActionMask = 2147483647;
			files = (
				90DB594429EF049E0094FAB5 /* LaunchScreen.storyboard in Resources */,
				90DB594129EF049E0094FAB5 /* Assets.xcassets in Resources */,
			);
			runOnlyForDeploymentPostprocessing = 0;
		};
		90DB594829EF049E0094FAB5 /* Resources */ = {
			isa = PBXResourcesBuildPhase;
			buildActionMask = 2147483647;
			files = (
			);
			runOnlyForDeploymentPostprocessing = 0;
		};
		90DB595229EF049E0094FAB5 /* Resources */ = {
			isa = PBXResourcesBuildPhase;
			buildActionMask = 2147483647;
			files = (
			);
			runOnlyForDeploymentPostprocessing = 0;
		};
/* End PBXResourcesBuildPhase section */

/* Begin PBXSourcesBuildPhase section */
		90DB593029EF04990094FAB5 /* Sources */ = {
			isa = PBXSourcesBuildPhase;
			buildActionMask = 2147483647;
			files = (
				901DE0742A02FE5200122FA5 /* MessageTextViewConstants.swift in Sources */,
				90586AD429FAF3C800950329 /* SwitchModeView.swift in Sources */,
				901DE0722A02FBA400122FA5 /* MessageTextView.swift in Sources */,
				90F61BF22A00017200A5494B /* ViewControllerConstants.swift in Sources */,
				90106FE929F806FD007A4CA3 /* MessageView.swift in Sources */,
				909D481A29F00ACB00855296 /* Message.swift in Sources */,
				90213DF22A1643FF0066B3A5 /* MessageTableViewCellConstants.swift in Sources */,
				90DB593C29EF04990094FAB5 /* ViewController.swift in Sources */,
				90DB593829EF04990094FAB5 /* AppDelegate.swift in Sources */,
				90CA3D9A29FBB9C700D1D9F3 /* SwitchModeConstants.swift in Sources */,
				90CA3D9D29FBCCDA00D1D9F3 /* MessageConstants.swift in Sources */,
				90E4FE982A0242BF006CE1ED /* MessageTableViewCell.swift in Sources */,
				90DB593A29EF04990094FAB5 /* SceneDelegate.swift in Sources */,
			);
			runOnlyForDeploymentPostprocessing = 0;
		};
		90DB594629EF049E0094FAB5 /* Sources */ = {
			isa = PBXSourcesBuildPhase;
			buildActionMask = 2147483647;
			files = (
				90DB594F29EF049E0094FAB5 /* ChatAppTests.swift in Sources */,
			);
			runOnlyForDeploymentPostprocessing = 0;
		};
		90DB595029EF049E0094FAB5 /* Sources */ = {
			isa = PBXSourcesBuildPhase;
			buildActionMask = 2147483647;
			files = (
				90DB595B29EF049E0094FAB5 /* ChatAppUITestsLaunchTests.swift in Sources */,
				90DB595929EF049E0094FAB5 /* ChatAppUITests.swift in Sources */,
			);
			runOnlyForDeploymentPostprocessing = 0;
		};
/* End PBXSourcesBuildPhase section */

/* Begin PBXTargetDependency section */
		90DB594C29EF049E0094FAB5 /* PBXTargetDependency */ = {
			isa = PBXTargetDependency;
			target = 90DB593329EF04990094FAB5 /* ChatApp */;
			targetProxy = 90DB594B29EF049E0094FAB5 /* PBXContainerItemProxy */;
		};
		90DB595629EF049E0094FAB5 /* PBXTargetDependency */ = {
			isa = PBXTargetDependency;
			target = 90DB593329EF04990094FAB5 /* ChatApp */;
			targetProxy = 90DB595529EF049E0094FAB5 /* PBXContainerItemProxy */;
		};
/* End PBXTargetDependency section */

/* Begin PBXVariantGroup section */
		90DB594229EF049E0094FAB5 /* LaunchScreen.storyboard */ = {
			isa = PBXVariantGroup;
			children = (
				90DB594329EF049E0094FAB5 /* Base */,
			);
			name = LaunchScreen.storyboard;
			sourceTree = "<group>";
		};
/* End PBXVariantGroup section */

/* Begin XCBuildConfiguration section */
		90DB595C29EF049E0094FAB5 /* Debug */ = {
			isa = XCBuildConfiguration;
			buildSettings = {
				ALWAYS_SEARCH_USER_PATHS = NO;
				CLANG_ANALYZER_NONNULL = YES;
				CLANG_ANALYZER_NUMBER_OBJECT_CONVERSION = YES_AGGRESSIVE;
				CLANG_CXX_LANGUAGE_STANDARD = "gnu++20";
				CLANG_ENABLE_MODULES = YES;
				CLANG_ENABLE_OBJC_ARC = YES;
				CLANG_ENABLE_OBJC_WEAK = YES;
				CLANG_WARN_BLOCK_CAPTURE_AUTORELEASING = YES;
				CLANG_WARN_BOOL_CONVERSION = YES;
				CLANG_WARN_COMMA = YES;
				CLANG_WARN_CONSTANT_CONVERSION = YES;
				CLANG_WARN_DEPRECATED_OBJC_IMPLEMENTATIONS = YES;
				CLANG_WARN_DIRECT_OBJC_ISA_USAGE = YES_ERROR;
				CLANG_WARN_DOCUMENTATION_COMMENTS = YES;
				CLANG_WARN_EMPTY_BODY = YES;
				CLANG_WARN_ENUM_CONVERSION = YES;
				CLANG_WARN_INFINITE_RECURSION = YES;
				CLANG_WARN_INT_CONVERSION = YES;
				CLANG_WARN_NON_LITERAL_NULL_CONVERSION = YES;
				CLANG_WARN_OBJC_IMPLICIT_RETAIN_SELF = YES;
				CLANG_WARN_OBJC_LITERAL_CONVERSION = YES;
				CLANG_WARN_OBJC_ROOT_CLASS = YES_ERROR;
				CLANG_WARN_QUOTED_INCLUDE_IN_FRAMEWORK_HEADER = YES;
				CLANG_WARN_RANGE_LOOP_ANALYSIS = YES;
				CLANG_WARN_STRICT_PROTOTYPES = YES;
				CLANG_WARN_SUSPICIOUS_MOVE = YES;
				CLANG_WARN_UNGUARDED_AVAILABILITY = YES_AGGRESSIVE;
				CLANG_WARN_UNREACHABLE_CODE = YES;
				CLANG_WARN__DUPLICATE_METHOD_MATCH = YES;
				COPY_PHASE_STRIP = NO;
				DEBUG_INFORMATION_FORMAT = dwarf;
				ENABLE_STRICT_OBJC_MSGSEND = YES;
				ENABLE_TESTABILITY = YES;
				GCC_C_LANGUAGE_STANDARD = gnu11;
				GCC_DYNAMIC_NO_PIC = NO;
				GCC_NO_COMMON_BLOCKS = YES;
				GCC_OPTIMIZATION_LEVEL = 0;
				GCC_PREPROCESSOR_DEFINITIONS = (
					"DEBUG=1",
					"$(inherited)",
				);
				GCC_WARN_64_TO_32_BIT_CONVERSION = YES;
				GCC_WARN_ABOUT_RETURN_TYPE = YES_ERROR;
				GCC_WARN_UNDECLARED_SELECTOR = YES;
				GCC_WARN_UNINITIALIZED_AUTOS = YES_AGGRESSIVE;
				GCC_WARN_UNUSED_FUNCTION = YES;
				GCC_WARN_UNUSED_VARIABLE = YES;
				IPHONEOS_DEPLOYMENT_TARGET = 16.4;
				MTL_ENABLE_DEBUG_INFO = INCLUDE_SOURCE;
				MTL_FAST_MATH = YES;
				ONLY_ACTIVE_ARCH = YES;
				SDKROOT = iphoneos;
				SWIFT_ACTIVE_COMPILATION_CONDITIONS = DEBUG;
				SWIFT_OPTIMIZATION_LEVEL = "-Onone";
			};
			name = Debug;
		};
		90DB595D29EF049E0094FAB5 /* Release */ = {
			isa = XCBuildConfiguration;
			buildSettings = {
				ALWAYS_SEARCH_USER_PATHS = NO;
				CLANG_ANALYZER_NONNULL = YES;
				CLANG_ANALYZER_NUMBER_OBJECT_CONVERSION = YES_AGGRESSIVE;
				CLANG_CXX_LANGUAGE_STANDARD = "gnu++20";
				CLANG_ENABLE_MODULES = YES;
				CLANG_ENABLE_OBJC_ARC = YES;
				CLANG_ENABLE_OBJC_WEAK = YES;
				CLANG_WARN_BLOCK_CAPTURE_AUTORELEASING = YES;
				CLANG_WARN_BOOL_CONVERSION = YES;
				CLANG_WARN_COMMA = YES;
				CLANG_WARN_CONSTANT_CONVERSION = YES;
				CLANG_WARN_DEPRECATED_OBJC_IMPLEMENTATIONS = YES;
				CLANG_WARN_DIRECT_OBJC_ISA_USAGE = YES_ERROR;
				CLANG_WARN_DOCUMENTATION_COMMENTS = YES;
				CLANG_WARN_EMPTY_BODY = YES;
				CLANG_WARN_ENUM_CONVERSION = YES;
				CLANG_WARN_INFINITE_RECURSION = YES;
				CLANG_WARN_INT_CONVERSION = YES;
				CLANG_WARN_NON_LITERAL_NULL_CONVERSION = YES;
				CLANG_WARN_OBJC_IMPLICIT_RETAIN_SELF = YES;
				CLANG_WARN_OBJC_LITERAL_CONVERSION = YES;
				CLANG_WARN_OBJC_ROOT_CLASS = YES_ERROR;
				CLANG_WARN_QUOTED_INCLUDE_IN_FRAMEWORK_HEADER = YES;
				CLANG_WARN_RANGE_LOOP_ANALYSIS = YES;
				CLANG_WARN_STRICT_PROTOTYPES = YES;
				CLANG_WARN_SUSPICIOUS_MOVE = YES;
				CLANG_WARN_UNGUARDED_AVAILABILITY = YES_AGGRESSIVE;
				CLANG_WARN_UNREACHABLE_CODE = YES;
				CLANG_WARN__DUPLICATE_METHOD_MATCH = YES;
				COPY_PHASE_STRIP = NO;
				DEBUG_INFORMATION_FORMAT = "dwarf-with-dsym";
				ENABLE_NS_ASSERTIONS = NO;
				ENABLE_STRICT_OBJC_MSGSEND = YES;
				GCC_C_LANGUAGE_STANDARD = gnu11;
				GCC_NO_COMMON_BLOCKS = YES;
				GCC_WARN_64_TO_32_BIT_CONVERSION = YES;
				GCC_WARN_ABOUT_RETURN_TYPE = YES_ERROR;
				GCC_WARN_UNDECLARED_SELECTOR = YES;
				GCC_WARN_UNINITIALIZED_AUTOS = YES_AGGRESSIVE;
				GCC_WARN_UNUSED_FUNCTION = YES;
				GCC_WARN_UNUSED_VARIABLE = YES;
				IPHONEOS_DEPLOYMENT_TARGET = 16.4;
				MTL_ENABLE_DEBUG_INFO = NO;
				MTL_FAST_MATH = YES;
				SDKROOT = iphoneos;
				SWIFT_COMPILATION_MODE = wholemodule;
				SWIFT_OPTIMIZATION_LEVEL = "-O";
				VALIDATE_PRODUCT = YES;
			};
			name = Release;
		};
		90DB595F29EF049E0094FAB5 /* Debug */ = {
			isa = XCBuildConfiguration;
			buildSettings = {
				ASSETCATALOG_COMPILER_APPICON_NAME = AppIcon;
				ASSETCATALOG_COMPILER_GLOBAL_ACCENT_COLOR_NAME = AccentColor;
				CODE_SIGN_STYLE = Automatic;
				CURRENT_PROJECT_VERSION = 1;
				DEVELOPMENT_TEAM = "";
				GENERATE_INFOPLIST_FILE = YES;
				INFOPLIST_FILE = ChatApp/Info.plist;
				INFOPLIST_KEY_UIApplicationSupportsIndirectInputEvents = YES;
				INFOPLIST_KEY_UILaunchStoryboardName = LaunchScreen;
				INFOPLIST_KEY_UIMainStoryboardFile = "";
				INFOPLIST_KEY_UISupportedInterfaceOrientations_iPad = "UIInterfaceOrientationPortrait UIInterfaceOrientationPortraitUpsideDown UIInterfaceOrientationLandscapeLeft UIInterfaceOrientationLandscapeRight";
				INFOPLIST_KEY_UISupportedInterfaceOrientations_iPhone = "UIInterfaceOrientationPortrait UIInterfaceOrientationLandscapeLeft UIInterfaceOrientationLandscapeRight";
				LD_RUNPATH_SEARCH_PATHS = (
					"$(inherited)",
					"@executable_path/Frameworks",
				);
				MARKETING_VERSION = 1.0;
				PRODUCT_BUNDLE_IDENTIFIER = privateOrganization.ChatApp;
				PRODUCT_NAME = "$(TARGET_NAME)";
				SWIFT_EMIT_LOC_STRINGS = YES;
				SWIFT_VERSION = 5.0;
				TARGETED_DEVICE_FAMILY = "1,2";
			};
			name = Debug;
		};
		90DB596029EF049E0094FAB5 /* Release */ = {
			isa = XCBuildConfiguration;
			buildSettings = {
				ASSETCATALOG_COMPILER_APPICON_NAME = AppIcon;
				ASSETCATALOG_COMPILER_GLOBAL_ACCENT_COLOR_NAME = AccentColor;
				CODE_SIGN_STYLE = Automatic;
				CURRENT_PROJECT_VERSION = 1;
				DEVELOPMENT_TEAM = "";
				GENERATE_INFOPLIST_FILE = YES;
				INFOPLIST_FILE = ChatApp/Info.plist;
				INFOPLIST_KEY_UIApplicationSupportsIndirectInputEvents = YES;
				INFOPLIST_KEY_UILaunchStoryboardName = LaunchScreen;
				INFOPLIST_KEY_UIMainStoryboardFile = "";
				INFOPLIST_KEY_UISupportedInterfaceOrientations_iPad = "UIInterfaceOrientationPortrait UIInterfaceOrientationPortraitUpsideDown UIInterfaceOrientationLandscapeLeft UIInterfaceOrientationLandscapeRight";
				INFOPLIST_KEY_UISupportedInterfaceOrientations_iPhone = "UIInterfaceOrientationPortrait UIInterfaceOrientationLandscapeLeft UIInterfaceOrientationLandscapeRight";
				LD_RUNPATH_SEARCH_PATHS = (
					"$(inherited)",
					"@executable_path/Frameworks",
				);
				MARKETING_VERSION = 1.0;
				PRODUCT_BUNDLE_IDENTIFIER = privateOrganization.ChatApp;
				PRODUCT_NAME = "$(TARGET_NAME)";
				SWIFT_EMIT_LOC_STRINGS = YES;
				SWIFT_VERSION = 5.0;
				TARGETED_DEVICE_FAMILY = "1,2";
			};
			name = Release;
		};
		90DB596229EF049E0094FAB5 /* Debug */ = {
			isa = XCBuildConfiguration;
			buildSettings = {
				ALWAYS_EMBED_SWIFT_STANDARD_LIBRARIES = YES;
				BUNDLE_LOADER = "$(TEST_HOST)";
				CODE_SIGN_STYLE = Automatic;
				CURRENT_PROJECT_VERSION = 1;
				GENERATE_INFOPLIST_FILE = YES;
				IPHONEOS_DEPLOYMENT_TARGET = 16.4;
				MARKETING_VERSION = 1.0;
				PRODUCT_BUNDLE_IDENTIFIER = privateOrganization.ChatAppTests;
				PRODUCT_NAME = "$(TARGET_NAME)";
				SWIFT_EMIT_LOC_STRINGS = NO;
				SWIFT_VERSION = 5.0;
				TARGETED_DEVICE_FAMILY = "1,2";
				TEST_HOST = "$(BUILT_PRODUCTS_DIR)/ChatApp.app/$(BUNDLE_EXECUTABLE_FOLDER_PATH)/ChatApp";
			};
			name = Debug;
		};
		90DB596329EF049E0094FAB5 /* Release */ = {
			isa = XCBuildConfiguration;
			buildSettings = {
				ALWAYS_EMBED_SWIFT_STANDARD_LIBRARIES = YES;
				BUNDLE_LOADER = "$(TEST_HOST)";
				CODE_SIGN_STYLE = Automatic;
				CURRENT_PROJECT_VERSION = 1;
				GENERATE_INFOPLIST_FILE = YES;
				IPHONEOS_DEPLOYMENT_TARGET = 16.4;
				MARKETING_VERSION = 1.0;
				PRODUCT_BUNDLE_IDENTIFIER = privateOrganization.ChatAppTests;
				PRODUCT_NAME = "$(TARGET_NAME)";
				SWIFT_EMIT_LOC_STRINGS = NO;
				SWIFT_VERSION = 5.0;
				TARGETED_DEVICE_FAMILY = "1,2";
				TEST_HOST = "$(BUILT_PRODUCTS_DIR)/ChatApp.app/$(BUNDLE_EXECUTABLE_FOLDER_PATH)/ChatApp";
			};
			name = Release;
		};
		90DB596529EF049E0094FAB5 /* Debug */ = {
			isa = XCBuildConfiguration;
			buildSettings = {
				ALWAYS_EMBED_SWIFT_STANDARD_LIBRARIES = YES;
				CODE_SIGN_STYLE = Automatic;
				CURRENT_PROJECT_VERSION = 1;
				GENERATE_INFOPLIST_FILE = YES;
				MARKETING_VERSION = 1.0;
				PRODUCT_BUNDLE_IDENTIFIER = privateOrganization.ChatAppUITests;
				PRODUCT_NAME = "$(TARGET_NAME)";
				SWIFT_EMIT_LOC_STRINGS = NO;
				SWIFT_VERSION = 5.0;
				TARGETED_DEVICE_FAMILY = "1,2";
				TEST_TARGET_NAME = ChatApp;
			};
			name = Debug;
		};
		90DB596629EF049E0094FAB5 /* Release */ = {
			isa = XCBuildConfiguration;
			buildSettings = {
				ALWAYS_EMBED_SWIFT_STANDARD_LIBRARIES = YES;
				CODE_SIGN_STYLE = Automatic;
				CURRENT_PROJECT_VERSION = 1;
				GENERATE_INFOPLIST_FILE = YES;
				MARKETING_VERSION = 1.0;
				PRODUCT_BUNDLE_IDENTIFIER = privateOrganization.ChatAppUITests;
				PRODUCT_NAME = "$(TARGET_NAME)";
				SWIFT_EMIT_LOC_STRINGS = NO;
				SWIFT_VERSION = 5.0;
				TARGETED_DEVICE_FAMILY = "1,2";
				TEST_TARGET_NAME = ChatApp;
			};
			name = Release;
		};
/* End XCBuildConfiguration section */

/* Begin XCConfigurationList section */
		90DB592F29EF04990094FAB5 /* Build configuration list for PBXProject "ChatApp" */ = {
			isa = XCConfigurationList;
			buildConfigurations = (
				90DB595C29EF049E0094FAB5 /* Debug */,
				90DB595D29EF049E0094FAB5 /* Release */,
			);
			defaultConfigurationIsVisible = 0;
			defaultConfigurationName = Release;
		};
		90DB595E29EF049E0094FAB5 /* Build configuration list for PBXNativeTarget "ChatApp" */ = {
			isa = XCConfigurationList;
			buildConfigurations = (
				90DB595F29EF049E0094FAB5 /* Debug */,
				90DB596029EF049E0094FAB5 /* Release */,
			);
			defaultConfigurationIsVisible = 0;
			defaultConfigurationName = Release;
		};
		90DB596129EF049E0094FAB5 /* Build configuration list for PBXNativeTarget "ChatAppTests" */ = {
			isa = XCConfigurationList;
			buildConfigurations = (
				90DB596229EF049E0094FAB5 /* Debug */,
				90DB596329EF049E0094FAB5 /* Release */,
			);
			defaultConfigurationIsVisible = 0;
			defaultConfigurationName = Release;
		};
		90DB596429EF049E0094FAB5 /* Build configuration list for PBXNativeTarget "ChatAppUITests" */ = {
			isa = XCConfigurationList;
			buildConfigurations = (
				90DB596529EF049E0094FAB5 /* Debug */,
				90DB596629EF049E0094FAB5 /* Release */,
			);
			defaultConfigurationIsVisible = 0;
			defaultConfigurationName = Release;
		};
/* End XCConfigurationList section */
	};
	rootObject = 90DB592C29EF04990094FAB5 /* Project object */;
}
